
Microsoft Visual Studio Solution File, Format Version 12.00
# Visual Studio Version 16
VisualStudioVersion = 16.0.29306.81
MinimumVisualStudioVersion = 10.0.40219.1
Project("{FAE04EC0-301F-11D3-BF4B-00C04F79EFBC}") = "BarcoderReaderServer", "BarcoderReaderServer\BarcoderReaderServer.csproj", "{5C3D7FDC-C5CC-469B-9BF2-FEBA8C9B59BC}"
EndProject
Project("{F184B08F-C81C-45F6-A57F-5ABD9991F28F}") = "BarcodeReaderService", "BarcodeReaderService\BarcodeReaderService.vbproj", "{41A2D1A6-82A4-4BB0-8719-9DA707EE8A4A}"
EndProject
Global
	GlobalSection(SolutionConfigurationPlatforms) = preSolution
		Debug|Any CPU = Debug|Any CPU
		Release|Any CPU = Release|Any CPU
	EndGlobalSection
	GlobalSection(ProjectConfigurationPlatforms) = postSolution
		{5C3D7FDC-C5CC-469B-9BF2-FEBA8C9B59BC}.Debug|Any CPU.ActiveCfg = Debug|Any CPU
		{5C3D7FDC-C5CC-469B-9BF2-FEBA8C9B59BC}.Debug|Any CPU.Build.0 = Debug|Any CPU
		{5C3D7FDC-C5CC-469B-9BF2-FEBA8C9B59BC}.Release|Any CPU.ActiveCfg = Release|Any CPU
		{5C3D7FDC-C5CC-469B-9BF2-FEBA8C9B59BC}.Release|Any CPU.Build.0 = Release|Any CPU
		{41A2D1A6-82A4-4BB0-8719-9DA707EE8A4A}.Debug|Any CPU.ActiveCfg = Debug|Any CPU
		{41A2D1A6-82A4-4BB0-8719-9DA707EE8A4A}.Debug|Any CPU.Build.0 = Debug|Any CPU
		{41A2D1A6-82A4-4BB0-8719-9DA707EE8A4A}.Release|Any CPU.ActiveCfg = Release|Any CPU
		{41A2D1A6-82A4-4BB0-8719-9DA707EE8A4A}.Release|Any CPU.Build.0 = Release|Any CPU
	EndGlobalSection
	GlobalSection(SolutionProperties) = preSolution
		HideSolutionNode = FALSE
	EndGlobalSection
	GlobalSection(ExtensibilityGlobals) = postSolution
		SolutionGuid = {0912D629-3891-4E92-B622-B31388C3CF1B}
	EndGlobalSection
EndGlobal
